# This lock file was generated by conda-lock (https://github.com/conda/conda-lock). DO NOT EDIT!
#
# A "lock file" contains a concrete list of package versions (with checksums) to be installed. Unlike
# e.g. `conda env create`, the resulting environment will not change as new package versions become
# available, unless you explicitly update the lock file.
#
# Install this environment as "YOURENV" with:
#     conda-lock install -n YOURENV env-lock.yaml
# To update a single package to the latest version compatible with the version constraints in the source:
#     conda-lock lock  --lockfile env-lock.yaml --update PACKAGE
# To re-solve the entire environment, e.g. after changing a version constraint in the source file:
#     conda-lock -f env.yaml --lockfile env-lock.yaml
version: 1
metadata:
  content_hash:
    linux-64: 225900ddb426740186323bc6a4383d99063261a5ee0a820497205beddfd2c7fd
    osx-arm64: fd9048b22fcfc93a82c740194cfa0a5ee78aee7561d4d37dc52c2e314e2aa9d0
    osx-64: 1c04bb03eafd33d876d0143f4ac9ca9738b6b4e3e0f9b19ddcf7a8d7b0276d4f
    win-64: f31605b32be3c4c294af2f9abc4464b5d2fea7ca8ecff5c0354539cb5874863d
  channels:
  - url: conda-forge
    used_env_vars: []
  platforms:
  - linux-64
  - osx-64
  - osx-arm64
  - win-64
  sources:
  - env.yaml
package:
- name: _libgcc_mutex
  version: '0.1'
  manager: conda
  platform: linux-64
  dependencies: {}
  url: https://conda.anaconda.org/conda-forge/linux-64/_libgcc_mutex-0.1-conda_forge.tar.bz2
  hash:
    md5: d7c89558ba9fa0495403155b64376d81
    sha256: fe51de6107f9edc7aa4f786a70f4a883943bc9d39b3bb7307c04c41410990726
  category: main
  optional: false
- name: _openmp_mutex
  version: '4.5'
  manager: conda
  platform: linux-64
  dependencies:
    _libgcc_mutex: '0.1'
    libgomp: '>=7.5.0'
  url: https://conda.anaconda.org/conda-forge/linux-64/_openmp_mutex-4.5-2_gnu.tar.bz2
  hash:
    md5: 73aaf86a425cc6e73fcf236a5a46396d
    sha256: fbe2c5e56a653bebb982eda4876a9178aedfc2b545f25d0ce9c4c0b508253d22
  category: main
  optional: false
- name: ca-certificates
  version: 2024.8.30
  manager: conda
  platform: linux-64
  dependencies: {}
  url: https://conda.anaconda.org/conda-forge/linux-64/ca-certificates-2024.8.30-hbcca054_0.conda
  hash:
    md5: c27d1c142233b5bc9ca570c6e2e0c244
    sha256: afee721baa6d988e27fef1832f68d6f32ac8cc99cdf6015732224c2841a09cea
  category: main
  optional: false
- name: ca-certificates
  version: 2024.8.30
  manager: conda
  platform: osx-64
  dependencies: {}
  url: https://conda.anaconda.org/conda-forge/osx-64/ca-certificates-2024.8.30-h8857fd0_0.conda
  hash:
    md5: b7e5424e7f06547a903d28e4651dbb21
    sha256: 593f302d0f44c2c771e1614ee6d56fffdc7d616e6f187669c8b0e34ffce3e1ae
  category: main
  optional: false
- name: ca-certificates
  version: 2024.8.30
  manager: conda
  platform: osx-arm64
  dependencies: {}
  url: https://conda.anaconda.org/conda-forge/osx-arm64/ca-certificates-2024.8.30-hf0a4a13_0.conda
  hash:
    md5: 40dec13fd8348dbe303e57be74bd3d35
    sha256: 2db1733f4b644575dbbdd7994a8f338e6ef937f5ebdb74acd557e9dda0211709
  category: main
  optional: false
- name: ca-certificates
  version: 2024.8.30
  manager: conda
  platform: win-64
  dependencies: {}
  url: https://conda.anaconda.org/conda-forge/win-64/ca-certificates-2024.8.30-h56e8100_0.conda
  hash:
    md5: 4c4fd67c18619be5aa65dc5b6c72e490
    sha256: 0fcac3a7ffcc556649e034a1802aedf795e64227eaa7194d207b01eaf26454c4
  category: main
  optional: false
- name: libabseil
  version: '20240722.0'
  manager: conda
  platform: linux-64
  dependencies:
    __glibc: '>=2.17,<3.0.a0'
    libgcc: '>=13'
    libstdcxx: '>=13'
  url: https://conda.anaconda.org/conda-forge/linux-64/libabseil-20240722.0-cxx17_h5888daf_1.conda
  hash:
    md5: e1f604644fe8d78e22660e2fec6756bc
    sha256: 8f91429091183c26950f1e7ffa730e8632f0627ba35d2fccd71df31628c9b4e5
  category: main
  optional: false
- name: libabseil
  version: '20240722.0'
  manager: conda
  platform: osx-64
  dependencies:
    __osx: '>=10.13'
    libcxx: '>=17'
  url: https://conda.anaconda.org/conda-forge/osx-64/libabseil-20240722.0-cxx17_hac325c4_1.conda
  hash:
    md5: 40373920232a6ac0404eee9cf39a9f09
    sha256: b548e80280242ad1d93d8d7fb48a30af7e4124959ba2031c65c9675b98163652
  category: main
  optional: false
- name: libabseil
  version: '20240722.0'
  manager: conda
  platform: osx-arm64
  dependencies:
    __osx: '>=11.0'
    libcxx: '>=17'
  url: https://conda.anaconda.org/conda-forge/osx-arm64/libabseil-20240722.0-cxx17_hf9b8971_1.conda
  hash:
    md5: 706da5e791c569a7b9814877098a6a0a
    sha256: 90bf08a75506dfcf28a70977da8ab050bcf594cd02abd3a9d84a22c9e8161724
  category: main
  optional: false
- name: libabseil
  version: '20240722.0'
  manager: conda
  platform: win-64
  dependencies:
    ucrt: '>=10.0.20348.0'
    vc: '>=14.2,<15'
    vc14_runtime: '>=14.29.30139'
  url: https://conda.anaconda.org/conda-forge/win-64/libabseil-20240722.0-cxx17_he0c23c2_1.conda
  hash:
    md5: 3f59a73b07a05530b252ecb07dd882b9
    sha256: 52ff148dee1871ef1d5c298bae20309707e866b44714a0a333a5ed2cf9a38832
  category: main
  optional: false
- name: libcxx
  version: 19.1.2
  manager: conda
  platform: osx-64
  dependencies:
    __osx: '>=10.13'
  url: https://conda.anaconda.org/conda-forge/osx-64/libcxx-19.1.2-hf95d169_0.conda
  hash:
    md5: 8bdfb741a2cdbd0a4e7b7dc30fbc0d6c
    sha256: 04593566411ce8dc6400777c772c10a153ebf1082b104ee52a98562a24a50880
  category: main
  optional: false
- name: libcxx
  version: 19.1.2
  manager: conda
  platform: osx-arm64
  dependencies:
    __osx: '>=11.0'
  url: https://conda.anaconda.org/conda-forge/osx-arm64/libcxx-19.1.2-ha82da77_0.conda
  hash:
    md5: ba89ad7c5477e6a9d020020fcdadd37d
    sha256: 9c714110264f4fe824d40e11ad39b0eda65251f87826c81f4d67ccf8a3348d29
  category: main
  optional: false
- name: libgcc
  version: 14.2.0
  manager: conda
  platform: linux-64
  dependencies:
    _libgcc_mutex: '0.1'
    _openmp_mutex: '>=4.5'
  url: https://conda.anaconda.org/conda-forge/linux-64/libgcc-14.2.0-h77fa898_1.conda
  hash:
    md5: 3cb76c3f10d3bc7f1105b2fc9db984df
    sha256: 53eb8a79365e58849e7b1a068d31f4f9e718dc938d6f2c03e960345739a03569
  category: main
  optional: false
- name: libgomp
  version: 14.2.0
  manager: conda
  platform: linux-64
  dependencies:
    _libgcc_mutex: '0.1'
  url: https://conda.anaconda.org/conda-forge/linux-64/libgomp-14.2.0-h77fa898_1.conda
  hash:
    md5: cc3573974587f12dda90d96e3e55a702
    sha256: 1911c29975ec99b6b906904040c855772ccb265a1c79d5d75c8ceec4ed89cd63
  category: main
  optional: false
- name: libprotobuf
  version: 5.28.3
  manager: conda
  platform: linux-64
  dependencies:
    __glibc: '>=2.17,<3.0.a0'
    libabseil: '>=20240722.0,<20240723.0a0'
    libgcc: '>=13'
    libstdcxx: '>=13'
    libzlib: '>=1.3.1,<2.0a0'
  url: https://conda.anaconda.org/conda-forge/linux-64/libprotobuf-5.28.3-h5b01275_0.conda
  hash:
    md5: e0a0cf55ba36bfa570917d564672f524
    sha256: b5550923345c9a0961c7d0658e3dfeb964ebaf2bf36aa9820c61e395d48a5d57
  category: main
  optional: false
- name: libprotobuf
  version: 5.28.3
  manager: conda
  platform: osx-64
  dependencies:
    __osx: '>=10.13'
    libabseil: '>=20240722.0,<20240723.0a0'
    libcxx: '>=17'
    libzlib: '>=1.3.1,<2.0a0'
  url: https://conda.anaconda.org/conda-forge/osx-64/libprotobuf-5.28.3-h8b30cf6_0.conda
  hash:
    md5: 174274aa9c4b41f02a5ac5fa9dbcd345
    sha256: 8fd6eb4d9a067a5283da39d0ff0106c55bbd4efd8f13e38af6140ac46e7afde5
  category: main
  optional: false
- name: libprotobuf
  version: 5.28.3
  manager: conda
  platform: osx-arm64
  dependencies:
    __osx: '>=11.0'
    libabseil: '>=20240722.0,<20240723.0a0'
    libcxx: '>=17'
    libzlib: '>=1.3.1,<2.0a0'
  url: https://conda.anaconda.org/conda-forge/osx-arm64/libprotobuf-5.28.3-h8f0b736_0.conda
  hash:
    md5: ee0e850b26815979fe3fc01f41108e7c
    sha256: d95a239216db16ff5cac10be45c11afd2b1bb5dd17c9f3cabb35c6dd2f2f13fd
  category: main
  optional: false
- name: libprotobuf
  version: 5.28.3
  manager: conda
  platform: win-64
  dependencies:
    libabseil: '>=20240722.0,<20240723.0a0'
    libzlib: '>=1.3.1,<2.0a0'
    ucrt: '>=10.0.20348.0'
    vc: '>=14.2,<15'
    vc14_runtime: '>=14.29.30139'
  url: https://conda.anaconda.org/conda-forge/win-64/libprotobuf-5.28.3-hcaed137_0.conda
  hash:
    md5: 286f7432a2e5b645170c1c906af03242
    sha256: 939408373cae98730887a15812235f2e85b9d80ef5fae13a4d141d351ce47a0b
  category: main
  optional: false
- name: libstdcxx
  version: 14.2.0
  manager: conda
  platform: linux-64
  dependencies:
    libgcc: 14.2.0
  url: https://conda.anaconda.org/conda-forge/linux-64/libstdcxx-14.2.0-hc0a3c3a_1.conda
  hash:
    md5: 234a5554c53625688d51062645337328
    sha256: 4661af0eb9bdcbb5fb33e5d0023b001ad4be828fccdcc56500059d56f9869462
  category: main
  optional: false
- name: libzlib
  version: 1.3.1
  manager: conda
  platform: linux-64
  dependencies:
    __glibc: '>=2.17,<3.0.a0'
    libgcc: '>=13'
  url: https://conda.anaconda.org/conda-forge/linux-64/libzlib-1.3.1-hb9d3cd8_2.conda
  hash:
    md5: edb0dca6bc32e4f4789199455a1dbeb8
    sha256: d4bfe88d7cb447768e31650f06257995601f89076080e76df55e3112d4e47dc4
  category: main
  optional: false
- name: libzlib
  version: 1.3.1
  manager: conda
  platform: osx-64
  dependencies:
    __osx: '>=10.13'
  url: https://conda.anaconda.org/conda-forge/osx-64/libzlib-1.3.1-hd23fc13_2.conda
  hash:
    md5: 003a54a4e32b02f7355b50a837e699da
    sha256: 8412f96504fc5993a63edf1e211d042a1fd5b1d51dedec755d2058948fcced09
  category: main
  optional: false
- name: libzlib
  version: 1.3.1
  manager: conda
  platform: osx-arm64
  dependencies:
    __osx: '>=11.0'
  url: https://conda.anaconda.org/conda-forge/osx-arm64/libzlib-1.3.1-h8359307_2.conda
  hash:
    md5: 369964e85dc26bfe78f41399b366c435
    sha256: ce34669eadaba351cd54910743e6a2261b67009624dbc7daeeafdef93616711b
  category: main
  optional: false
- name: libzlib
  version: 1.3.1
  manager: conda
  platform: win-64
  dependencies:
    ucrt: '>=10.0.20348.0'
    vc: '>=14.2,<15'
    vc14_runtime: '>=14.29.30139'
  url: https://conda.anaconda.org/conda-forge/win-64/libzlib-1.3.1-h2466b09_2.conda
  hash:
    md5: 41fbfac52c601159df6c01f875de31b9
    sha256: ba945c6493449bed0e6e29883c4943817f7c79cbff52b83360f7b341277c6402
  category: main
  optional: false
- name: openssl
  version: 3.3.2
  manager: conda
  platform: linux-64
  dependencies:
    __glibc: '>=2.17,<3.0.a0'
    ca-certificates: ''
    libgcc: '>=13'
  url: https://conda.anaconda.org/conda-forge/linux-64/openssl-3.3.2-hb9d3cd8_0.conda
  hash:
    md5: 4d638782050ab6faa27275bed57e9b4e
    sha256: cee91036686419f6dd6086902acf7142b4916e1c4ba042e9ca23e151da012b6d
  category: main
  optional: false
- name: openssl
  version: 3.3.2
  manager: conda
  platform: osx-64
  dependencies:
    __osx: '>=10.13'
    ca-certificates: ''
  url: https://conda.anaconda.org/conda-forge/osx-64/openssl-3.3.2-hd23fc13_0.conda
  hash:
    md5: 2ff47134c8e292868a4609519b1ea3b6
    sha256: 2b75d4b56e45992adf172b158143742daeb316c35274b36f385ccb6644e93268
  category: main
  optional: false
- name: openssl
  version: 3.3.2
  manager: conda
  platform: osx-arm64
  dependencies:
    __osx: '>=11.0'
    ca-certificates: ''
  url: https://conda.anaconda.org/conda-forge/osx-arm64/openssl-3.3.2-h8359307_0.conda
  hash:
    md5: 1773ebccdc13ec603356e8ff1db9e958
    sha256: 940fa01c4dc6152158fe8943e05e55a1544cab639df0994e3b35937839e4f4d1
  category: main
  optional: false
- name: openssl
  version: 3.3.2
  manager: conda
  platform: win-64
  dependencies:
    ca-certificates: ''
    ucrt: '>=10.0.20348.0'
    vc: '>=14.2,<15'
    vc14_runtime: '>=14.29.30139'
  url: https://conda.anaconda.org/conda-forge/win-64/openssl-3.3.2-h2466b09_0.conda
  hash:
    md5: 1dc86753693df5e3326bb8a85b74c589
    sha256: a45c42f3577294e22ac39ddb6ef5a64fd5322e8a6725afefbf4f2b4109340bf9
  category: main
  optional: false
- name: ripgrep
  version: 14.1.1
  manager: conda
  platform: linux-64
  dependencies:
    __glibc: '>=2.17,<3.0.a0'
    libgcc: '>=13'
  url: https://conda.anaconda.org/conda-forge/linux-64/ripgrep-14.1.1-h8fae777_0.conda
  hash:
    md5: d214df5d083a659f75e7cdafd9500383
    sha256: fd9d568112a6cf6dfa00828a70c730289fa046a86b641899e298c5ed3fd50ca6
  category: main
  optional: false
- name: ripgrep
  version: 14.1.1
  manager: conda
  platform: osx-64
  dependencies:
    __osx: '>=10.13'
  url: https://conda.anaconda.org/conda-forge/osx-64/ripgrep-14.1.1-h926acf8_0.conda
  hash:
    md5: 8457bf2f3a39b5ad494e4aa93594204c
    sha256: 7c2539a29a163e96c9aa43079b09f92a52b51984309c528188591f9eb35a904d
  category: main
  optional: false
- name: ripgrep
  version: 14.1.1
  manager: conda
  platform: osx-arm64
  dependencies:
    __osx: '>=11.0'
  url: https://conda.anaconda.org/conda-forge/osx-arm64/ripgrep-14.1.1-h0ef69ab_0.conda
  hash:
    md5: a5ac0a2bfc92f3cb9b6cfc9caf9de5c9
    sha256: bea65d7f355ac3db84b046e2db3b203d78ac261451bf5dd7a5719fc8102fa73e
  category: main
  optional: false
- name: ripgrep
  version: 14.1.1
  manager: conda
  platform: win-64
  dependencies:
    ucrt: '>=10.0.20348.0'
    vc: '>=14.2,<15'
    vc14_runtime: '>=14.29.30139'
  url: https://conda.anaconda.org/conda-forge/win-64/ripgrep-14.1.1-ha073cba_0.conda
  hash:
    md5: e58a19f5ab931e2c88e181f3b8bef867
    sha256: 83016fde1cc2856f11820db4495632273a886820e070476b12f970b7e4572386
  category: main
  optional: false
- name: ucrt
  version: 10.0.22621.0
  manager: conda
  platform: win-64
  dependencies: {}
  url: https://conda.anaconda.org/conda-forge/win-64/ucrt-10.0.22621.0-h57928b3_1.conda
  hash:
    md5: 6797b005cd0f439c4c5c9ac565783700
    sha256: db8dead3dd30fb1a032737554ce91e2819b43496a0db09927edf01c32b577450
  category: main
  optional: false
- name: vc
  version: '14.3'
  manager: conda
  platform: win-64
  dependencies:
    vc14_runtime: '>=14.40.33810'
  url: https://conda.anaconda.org/conda-forge/win-64/vc-14.3-h8a93ad2_22.conda
  hash:
    md5: a47cd756e88d8a80dfae678842d4acc9
    sha256: b72e7410ec0a748d21e9e997234fc474e3367cee8f509b07eb8182d3584a38d8
  category: main
  optional: false
- name: vc14_runtime
  version: 14.40.33810
  manager: conda
  platform: win-64
  dependencies:
    ucrt: '>=10.0.20348.0'
  url: https://conda.anaconda.org/conda-forge/win-64/vc14_runtime-14.40.33810-hcc2c482_22.conda
  hash:
    md5: ce23a4b980ee0556a118ed96550ff3f3
    sha256: 4c669c65007f88a7cdd560192f7e6d5679d191ac71610db724e18b2410964d64
  category: main
  optional: false
